{
  "name": "opencode",
  "lockfileVersion": 3,
  "requires": true,
  "packages": {
    "": {
      "dependencies": {
        "opencode-ai": "^0.4.40"
      }
    },
    "node_modules/opencode-ai": {
      "version": "0.4.40",
      "resolved": "https://registry.npmjs.org/opencode-ai/-/opencode-ai-0.4.40.tgz",
      "integrity": "sha512-RrmR53mTbSDxPIppjcdmmWRQ2D8AVmx/kex9vBE6cNqZflVpAGzVONrFmujUumn1OPpTzCeh8TMtWpsoN2JgsQ==",
      "hasInstallScript": true,
      "bin": {
        "opencode": "bin/opencode"
      },
      "optionalDependencies": {
        "opencode-darwin-arm64": "0.4.40",
        "opencode-darwin-x64": "0.4.40",
        "opencode-darwin-x64-baseline": "0.4.40",
        "opencode-linux-arm64": "0.4.40",
        "opencode-linux-x64": "0.4.40",
        "opencode-linux-x64-baseline": "0.4.40",
        "opencode-windows-x64": "0.4.40"
      }
    },
    "node_modules/opencode-darwin-arm64": {
      "version": "0.4.40",
      "resolved": "https://registry.npmjs.org/opencode-darwin-arm64/-/opencode-darwin-arm64-0.4.40.tgz",
      "integrity": "sha512-+OyD2aTzqDkcXAesg2WGXTTO0PLu9qMvbMOxehvhJwCE2RNxuozuxoaU2kp4QSfrktp1COyjyOi2ojxS2508Gg==",
      "cpu": [
        "arm64"
      ],
      "optional": true,
      "os": [
        "darwin"
      ]
    },
    "node_modules/opencode-darwin-x64": {
      "version": "0.4.40",
      "resolved": "https://registry.npmjs.org/opencode-darwin-x64/-/opencode-darwin-x64-0.4.40.tgz",
      "integrity": "sha512-SuoWI7ilZ9pti8sOfi5SeS7nKRaOoSamVWdkAZ7AosHLWl+mVRt0SvnwKPXzph79vAGbKvDoLyzgV4frishMew==",
      "cpu": [
        "x64"
      ],
      "optional": true,
      "os": [
        "darwin"
      ]
    },
    "node_modules/opencode-darwin-x64-baseline": {
      "version": "0.4.40",
      "resolved": "https://registry.npmjs.org/opencode-darwin-x64-baseline/-/opencode-darwin-x64-baseline-0.4.40.tgz",
      "integrity": "sha512-LS26QDxM2Fy9978rKRlYXT7sKdGTZGU0GdZ3ZemKpVPrye8pmKTu8av9rsTHR7ZpWvMRD31HLfHthsk93RFpAw==",
      "cpu": [
        "x64-baseline"
      ],
      "optional": true,
      "os": [
        "darwin"
      ]
    },
    "node_modules/opencode-linux-arm64": {
      "version": "0.4.40",
      "resolved": "https://registry.npmjs.org/opencode-linux-arm64/-/opencode-linux-arm64-0.4.40.tgz",
      "integrity": "sha512-SqS/h/68TMS18p36izFJLYLiJ64IlsU0BIQg2hGjI070GIAys0uTEYbfEy7sOBynD6i/P8RDU162P0CP/SeQkQ==",
      "cpu": [
        "arm64"
      ],
      "optional": true,
      "os": [
        "linux"
      ]
    },
    "node_modules/opencode-linux-x64": {
      "version": "0.4.40",
      "resolved": "https://registry.npmjs.org/opencode-linux-x64/-/opencode-linux-x64-0.4.40.tgz",
      "integrity": "sha512-9+U67n3tMQYGdDL39r6zODnq0e4Pr36Sj3k8PFUUNmZWbSFMAityI1/7gwEqT4Pb53+YpvlErfQPgnTF03vnBw==",
      "cpu": [
        "x64"
      ],
      "optional": true,
      "os": [
        "linux"
      ]
    },
    "node_modules/opencode-linux-x64-baseline": {
      "version": "0.4.40",
      "resolved": "https://registry.npmjs.org/opencode-linux-x64-baseline/-/opencode-linux-x64-baseline-0.4.40.tgz",
      "integrity": "sha512-uf3GMRBJKlNo6DWuGE/oL3kovtBX7ZQB+7c5cpFGQUVdi2mSDp5rwY+oWZq1XtEcloSUby3iGFc0NAhlXNKG0Q==",
      "cpu": [
        "x64-baseline"
      ],
      "optional": true,
      "os": [
        "linux"
      ]
    },
    "node_modules/opencode-windows-x64": {
      "version": "0.4.40",
      "resolved": "https://registry.npmjs.org/opencode-windows-x64/-/opencode-windows-x64-0.4.40.tgz",
      "integrity": "sha512-JDebduNh6gsGNmRyK/CSD/XWxNGYfhVffzEV8f5C4j3p9/e4YgByNM/ZX2gawh01eCnCSoHqbLYjbjZoPblIZQ==",
      "cpu": [
        "x64"
      ],
      "optional": true,
      "os": [
        "win32"
      ]
    }
  }
}
