{
  "name": "opencode",
  "lockfileVersion": 3,
  "requires": true,
  "packages": {
    "": {
      "dependencies": {
        "opencode-ai": "^0.4.37"
      }
    },
    "node_modules/opencode-ai": {
      "version": "0.4.37",
      "resolved": "https://registry.npmjs.org/opencode-ai/-/opencode-ai-0.4.37.tgz",
      "integrity": "sha512-mG8IM0d1d7/D1bf7G1EUWkOwJyqJ69NQzXUnCUlJARPw7294mvJfFVVYhyg7a7zU24a2R2uqP+UiYxf/0D2ZzA==",
      "hasInstallScript": true,
      "bin": {
        "opencode": "bin/opencode"
      },
      "optionalDependencies": {
        "opencode-darwin-arm64": "0.4.37",
        "opencode-darwin-x64": "0.4.37",
        "opencode-darwin-x64-baseline": "0.4.37",
        "opencode-linux-arm64": "0.4.37",
        "opencode-linux-x64": "0.4.37",
        "opencode-linux-x64-baseline": "0.4.37",
        "opencode-windows-x64": "0.4.37"
      }
    },
    "node_modules/opencode-darwin-arm64": {
      "version": "0.4.37",
      "resolved": "https://registry.npmjs.org/opencode-darwin-arm64/-/opencode-darwin-arm64-0.4.37.tgz",
      "integrity": "sha512-ER6Exwa+Tr1P1q64qaRHfjeI8Yh87/mruYOweZx8Vnxs6VO5PF6fmbQP+tuGdPEVct6fn1/XYkeYMbG3nKimvQ==",
      "cpu": [
        "arm64"
      ],
      "optional": true,
      "os": [
        "darwin"
      ]
    },
    "node_modules/opencode-darwin-x64": {
      "version": "0.4.37",
      "resolved": "https://registry.npmjs.org/opencode-darwin-x64/-/opencode-darwin-x64-0.4.37.tgz",
      "integrity": "sha512-omAplX2fhC+5PTIj8JMgAe33jcuIsYWbj9ATHxuEa9Q2m6asEvXaqL/7eYYMI7QykSRcdpvXy85uQug9MzOUGw==",
      "cpu": [
        "x64"
      ],
      "optional": true,
      "os": [
        "darwin"
      ]
    },
    "node_modules/opencode-darwin-x64-baseline": {
      "version": "0.4.37",
      "resolved": "https://registry.npmjs.org/opencode-darwin-x64-baseline/-/opencode-darwin-x64-baseline-0.4.37.tgz",
      "integrity": "sha512-hNUcfzmCP1/EmUVP5qO79cCD9yMMJG4NCl1xc4dnGZRUyBL+xHhUA8e+tPpGFBaAY3wAEc4B9dWO9b7JhQavCg==",
      "cpu": [
        "x64-baseline"
      ],
      "optional": true,
      "os": [
        "darwin"
      ]
    },
    "node_modules/opencode-linux-arm64": {
      "version": "0.4.37",
      "resolved": "https://registry.npmjs.org/opencode-linux-arm64/-/opencode-linux-arm64-0.4.37.tgz",
      "integrity": "sha512-XddtYmD8MGM/l/AV19m0GBsqxq7wyOfrY7a0OX+QZ4wKAn34BvagjYoDw183TxTyBqv/6A6fxLpn+jWS86P56A==",
      "cpu": [
        "arm64"
      ],
      "optional": true,
      "os": [
        "linux"
      ]
    },
    "node_modules/opencode-linux-x64": {
      "version": "0.4.37",
      "resolved": "https://registry.npmjs.org/opencode-linux-x64/-/opencode-linux-x64-0.4.37.tgz",
      "integrity": "sha512-KmlHugY7CDVqcXdeKktGHR2dhuHc242VHbSzEwX8BClF9Q2T5mEpJUFv2kHQ7Ub+8SPawfQelfqWiBYYDv6Meg==",
      "cpu": [
        "x64"
      ],
      "optional": true,
      "os": [
        "linux"
      ]
    },
    "node_modules/opencode-linux-x64-baseline": {
      "version": "0.4.37",
      "resolved": "https://registry.npmjs.org/opencode-linux-x64-baseline/-/opencode-linux-x64-baseline-0.4.37.tgz",
      "integrity": "sha512-kRc0cad57yS9/ps/4oVtFf0B+ua+YyjJY+1XUew2PHchPfPWB/ZsRdjwj8Yu4cRzJXROfQvxLRdejwyGGwQODA==",
      "cpu": [
        "x64-baseline"
      ],
      "optional": true,
      "os": [
        "linux"
      ]
    },
    "node_modules/opencode-windows-x64": {
      "version": "0.4.37",
      "resolved": "https://registry.npmjs.org/opencode-windows-x64/-/opencode-windows-x64-0.4.37.tgz",
      "integrity": "sha512-XATwYn5PvHmZtIHy6CvqQSOPiBGmLOvtwMNMHoa74L1v7CG83Fa9AlRG6LUw9nsClSoc+wTngCf3EoE0vj6uhw==",
      "cpu": [
        "x64"
      ],
      "optional": true,
      "os": [
        "win32"
      ]
    }
  }
}
