{
  "name": "opencode",
  "lockfileVersion": 3,
  "requires": true,
  "packages": {
    "": {
      "dependencies": {
        "opencode-ai": "^0.4.38"
      }
    },
    "node_modules/opencode-ai": {
      "version": "0.4.38",
      "resolved": "https://registry.npmjs.org/opencode-ai/-/opencode-ai-0.4.38.tgz",
      "integrity": "sha512-0/KwKBjhDmkN0+awCb4R1iMs8STl3ShoTJPO3ED4kaZp+Y0hcjet9mf+0Tkiw+q4jI/QOjC2yY/qKa/MZWX7AA==",
      "hasInstallScript": true,
      "bin": {
        "opencode": "bin/opencode"
      },
      "optionalDependencies": {
        "opencode-darwin-arm64": "0.4.38",
        "opencode-darwin-x64": "0.4.38",
        "opencode-darwin-x64-baseline": "0.4.38",
        "opencode-linux-arm64": "0.4.38",
        "opencode-linux-x64": "0.4.38",
        "opencode-linux-x64-baseline": "0.4.38",
        "opencode-windows-x64": "0.4.38"
      }
    },
    "node_modules/opencode-darwin-arm64": {
      "version": "0.4.38",
      "resolved": "https://registry.npmjs.org/opencode-darwin-arm64/-/opencode-darwin-arm64-0.4.38.tgz",
      "integrity": "sha512-OjNqJcErqHFC4uKc5w/OvdtPs/uBezmwSCSyYXQbgmEjz2NMarv4Si1gBWyrqZOkqo2YZ5cV5/bLAU3g5slqPw==",
      "cpu": [
        "arm64"
      ],
      "optional": true,
      "os": [
        "darwin"
      ]
    },
    "node_modules/opencode-darwin-x64": {
      "version": "0.4.38",
      "resolved": "https://registry.npmjs.org/opencode-darwin-x64/-/opencode-darwin-x64-0.4.38.tgz",
      "integrity": "sha512-aOqeh7wKMx4CNW1W86+LzPI93JdIdVHQIW2ewCvyPmPc62m+R+Mf7Dlrykkmg+mvNcLe4soxIFwyd3wRV/GyCA==",
      "cpu": [
        "x64"
      ],
      "optional": true,
      "os": [
        "darwin"
      ]
    },
    "node_modules/opencode-darwin-x64-baseline": {
      "version": "0.4.38",
      "resolved": "https://registry.npmjs.org/opencode-darwin-x64-baseline/-/opencode-darwin-x64-baseline-0.4.38.tgz",
      "integrity": "sha512-YzrqAn7l3AlEocgFl0Rx4viXs7ZyE7xmkyeegNZeisYG5D7S/E2/LCS7GZExaryu3C0124sRd370hYYcFSbDGQ==",
      "cpu": [
        "x64-baseline"
      ],
      "optional": true,
      "os": [
        "darwin"
      ]
    },
    "node_modules/opencode-linux-arm64": {
      "version": "0.4.38",
      "resolved": "https://registry.npmjs.org/opencode-linux-arm64/-/opencode-linux-arm64-0.4.38.tgz",
      "integrity": "sha512-oz8Z7NAhR2Kh5pBGkEcD8EHnJZtiC59Dj+u0HpMDyQ1a5gfgzn6qjVUPNhzXdps2UJ7uFwJZ3H12H5y0RUmuvA==",
      "cpu": [
        "arm64"
      ],
      "optional": true,
      "os": [
        "linux"
      ]
    },
    "node_modules/opencode-linux-x64": {
      "version": "0.4.38",
      "resolved": "https://registry.npmjs.org/opencode-linux-x64/-/opencode-linux-x64-0.4.38.tgz",
      "integrity": "sha512-Bs9lotU7qVIPTwr8TprL5dnOHKbcyfUdjFgVk3D/mJRKVnDcJtdEm6jaVXlWMER2ezJ2hazX757bm9qvWhNNhw==",
      "cpu": [
        "x64"
      ],
      "optional": true,
      "os": [
        "linux"
      ]
    },
    "node_modules/opencode-linux-x64-baseline": {
      "version": "0.4.38",
      "resolved": "https://registry.npmjs.org/opencode-linux-x64-baseline/-/opencode-linux-x64-baseline-0.4.38.tgz",
      "integrity": "sha512-U2qA5iOe2lISIGvi73c6ZQbY6u8BPRx0LeEaa4AgqAznF4qXx7bxvZUx+j5kvlSDXXKXlo+5KZ7gVv4Tytr/tg==",
      "cpu": [
        "x64-baseline"
      ],
      "optional": true,
      "os": [
        "linux"
      ]
    },
    "node_modules/opencode-windows-x64": {
      "version": "0.4.38",
      "resolved": "https://registry.npmjs.org/opencode-windows-x64/-/opencode-windows-x64-0.4.38.tgz",
      "integrity": "sha512-1ShOlUToT5+Hs2JfCzV9z0xI1hnTsQeEgpLVm27sAyld+A8bE57ojp/+IK4ayTOW1CW1TkBcbiu9AO85uzM2Zg==",
      "cpu": [
        "x64"
      ],
      "optional": true,
      "os": [
        "win32"
      ]
    }
  }
}
